
Microsoft Visual Studio Solution File, Format Version 12.00
# Visual Studio Version 17
VisualStudioVersion = 17.9.34723.18
MinimumVisualStudioVersion = 10.0.40219.1
Project("{FAE04EC0-301F-11D3-BF4B-00C04F79EFBC}") = "NetMQMessageSource", "homeNetMq\NetMQMessageSource.csproj", "{21AA0C50-7A94-46BC-9D47-C387E6E25325}"
EndProject
Global
	GlobalSection(SolutionConfigurationPlatforms) = preSolution
		Debug|Any CPU = Debug|Any CPU
		Release|Any CPU = Release|Any CPU
	EndGlobalSection
	GlobalSection(ProjectConfigurationPlatforms) = postSolution
		{21AA0C50-7A94-46BC-9D47-C387E6E25325}.Debug|Any CPU.ActiveCfg = Debug|Any CPU
		{21AA0C50-7A94-46BC-9D47-C387E6E25325}.Debug|Any CPU.Build.0 = Debug|Any CPU
		{21AA0C50-7A94-46BC-9D47-C387E6E25325}.Release|Any CPU.ActiveCfg = Release|Any CPU
		{21AA0C50-7A94-46BC-9D47-C387E6E25325}.Release|Any CPU.Build.0 = Release|Any CPU
	EndGlobalSection
	GlobalSection(SolutionProperties) = preSolution
		HideSolutionNode = FALSE
	EndGlobalSection
	GlobalSection(ExtensibilityGlobals) = postSolution
		SolutionGuid = {06F5C1D5-5F57-4C15-9650-94427DCCB3B7}
	EndGlobalSection
EndGlobal
